
Microsoft Visual Studio Solution File, Format Version 12.00
# Visual Studio Version 17
VisualStudioVersion = 17.5.33530.505
MinimumVisualStudioVersion = 10.0.40219.1
Project("{9A19103F-16F7-4668-BE54-9A1E7A4F7556}") = "IMS.WebApp", "IMS.WebApp\IMS.WebApp.csproj", "{94776818-5EC5-4994-AEC7-02F8B9386C14}"
EndProject
Project("{9A19103F-16F7-4668-BE54-9A1E7A4F7556}") = "IMS.UseCases", "IMS.UseCases\IMS.UseCases.csproj", "{BF2A9D69-EFD0-457F-8E55-36288889CDEC}"
EndProject
Project("{9A19103F-16F7-4668-BE54-9A1E7A4F7556}") = "IMS.CoreBusiness", "IMS.CoreBusiness\IMS.CoreBusiness.csproj", "{E15304C2-99E3-45E1-AEE2-BEA7AD02B810}"
EndProject
Project("{9A19103F-16F7-4668-BE54-9A1E7A4F7556}") = "IMS.Plugins.EFCore", "IMS.Plugins.EFCore\IMS.Plugins.EFCore.csproj", "{0B080423-745E-4DF0-A2FD-E5EE779592DC}"
EndProject
Project("{E53339B2-1760-4266-BCC7-CA923CBCF16C}") = "docker-compose", "docker-compose.dcproj", "{A82749C8-ED37-48B6-B1A8-5CD0AD6C19C2}"
EndProject
Global
	GlobalSection(SolutionConfigurationPlatforms) = preSolution
		Debug|Any CPU = Debug|Any CPU
		Release|Any CPU = Release|Any CPU
	EndGlobalSection
	GlobalSection(ProjectConfigurationPlatforms) = postSolution
		{94776818-5EC5-4994-AEC7-02F8B9386C14}.Debug|Any CPU.ActiveCfg = Debug|Any CPU
		{94776818-5EC5-4994-AEC7-02F8B9386C14}.Debug|Any CPU.Build.0 = Debug|Any CPU
		{94776818-5EC5-4994-AEC7-02F8B9386C14}.Release|Any CPU.ActiveCfg = Release|Any CPU
		{94776818-5EC5-4994-AEC7-02F8B9386C14}.Release|Any CPU.Build.0 = Release|Any CPU
		{BF2A9D69-EFD0-457F-8E55-36288889CDEC}.Debug|Any CPU.ActiveCfg = Debug|Any CPU
		{BF2A9D69-EFD0-457F-8E55-36288889CDEC}.Debug|Any CPU.Build.0 = Debug|Any CPU
		{BF2A9D69-EFD0-457F-8E55-36288889CDEC}.Release|Any CPU.ActiveCfg = Release|Any CPU
		{BF2A9D69-EFD0-457F-8E55-36288889CDEC}.Release|Any CPU.Build.0 = Release|Any CPU
		{E15304C2-99E3-45E1-AEE2-BEA7AD02B810}.Debug|Any CPU.ActiveCfg = Debug|Any CPU
		{E15304C2-99E3-45E1-AEE2-BEA7AD02B810}.Debug|Any CPU.Build.0 = Debug|Any CPU
		{E15304C2-99E3-45E1-AEE2-BEA7AD02B810}.Release|Any CPU.ActiveCfg = Release|Any CPU
		{E15304C2-99E3-45E1-AEE2-BEA7AD02B810}.Release|Any CPU.Build.0 = Release|Any CPU
		{0B080423-745E-4DF0-A2FD-E5EE779592DC}.Debug|Any CPU.ActiveCfg = Debug|Any CPU
		{0B080423-745E-4DF0-A2FD-E5EE779592DC}.Debug|Any CPU.Build.0 = Debug|Any CPU
		{0B080423-745E-4DF0-A2FD-E5EE779592DC}.Release|Any CPU.ActiveCfg = Release|Any CPU
		{0B080423-745E-4DF0-A2FD-E5EE779592DC}.Release|Any CPU.Build.0 = Release|Any CPU
		{A82749C8-ED37-48B6-B1A8-5CD0AD6C19C2}.Debug|Any CPU.ActiveCfg = Debug|Any CPU
		{A82749C8-ED37-48B6-B1A8-5CD0AD6C19C2}.Debug|Any CPU.Build.0 = Debug|Any CPU
		{A82749C8-ED37-48B6-B1A8-5CD0AD6C19C2}.Release|Any CPU.ActiveCfg = Release|Any CPU
		{A82749C8-ED37-48B6-B1A8-5CD0AD6C19C2}.Release|Any CPU.Build.0 = Release|Any CPU
	EndGlobalSection
	GlobalSection(SolutionProperties) = preSolution
		HideSolutionNode = FALSE
	EndGlobalSection
	GlobalSection(ExtensibilityGlobals) = postSolution
		SolutionGuid = {0E7ACE58-29CA-44D7-A3BC-BAD19EE8695C}
	EndGlobalSection
EndGlobal
